// !$*UTF8*$!
{
	archiveVersion = 1;
	classes = {
	};
	objectVersion = 77;
	objects = {

/* Begin PBXBuildFile section */
		01058071D83FDB3831C7411A /* Frames.swift in Sources */ = {isa = PBXBuildFile; fileRef = FF56C1D17673E9A46D280F6D /* Frames.swift */; };
		028223C1DFF0E6A8C39B3726 /* Permalink.swift in Sources */ = {isa = PBXBuildFile; fileRef = C5B17C0044CEFA7773C29BDC /* Permalink.swift */; };
		072F46A639D7FAE65117A223 /* Share.swift in Sources */ = {isa = PBXBuildFile; fileRef = F4B2BB586E878AEEC2A31668 /* Share.swift */; };
		08F3CC14499210725A24A0E5 /* DraftSync.swift in Sources */ = {isa = PBXBuildFile; fileRef = A980BB847A9CA5813A391341 /* DraftSync.swift */; };
		0B30BA10FE1F85A93BEEE644 /* IsoDatesTests.swift in Sources */ = {isa = PBXBuildFile; fileRef = 22D11A729F3DC9A928D8517A /* IsoDatesTests.swift */; };
		0BF3079882ED5F8F73F73D6D /* ThreadsSnapshotTests.swift in Sources */ = {isa = PBXBuildFile; fileRef = 095DC9C14EA053C04A5D3DEA /* ThreadsSnapshotTests.swift */; };
		118575FA56C717B3175B0528 /* SectionFormView.swift in Sources */ = {isa = PBXBuildFile; fileRef = 89AF06AAF4BDDFD30FB894ED /* SectionFormView.swift */; };
		138952D589A640641DD470D6 /* AvatarView.swift in Sources */ = {isa = PBXBuildFile; fileRef = 490CD2ABE3C202D8366FF9CE /* AvatarView.swift */; };
		146F95B96F756A3F63D664AB /* ChannelBrowserView.swift in Sources */ = {isa = PBXBuildFile; fileRef = 8DDC445F3DDA1CFB83264C1B /* ChannelBrowserView.swift */; };
		15295BD6F2E1B1010700B78D /* CameraPicker.swift in Sources */ = {isa = PBXBuildFile; fileRef = E8311B119AAD428B9FFE2D33 /* CameraPicker.swift */; };
		1573E0EAFD2600EF5EE55CDE /* ComposerSnapshotTests.swift in Sources */ = {isa = PBXBuildFile; fileRef = 7E34E3CB601F52EA9350E096 /* ComposerSnapshotTests.swift */; };
		1643D8D6E1C7BE4386F7EB1B /* SearchHighlightTests.swift in Sources */ = {isa = PBXBuildFile; fileRef = B770F0D367C58D2D20912066 /* SearchHighlightTests.swift */; };
		18705BA325204C3824490358 /* TemplatesTests.swift in Sources */ = {isa = PBXBuildFile; fileRef = B5F2726C9A1A5967B40BDC4A /* TemplatesTests.swift */; };
		1A93D49379035A2E3F974C93 /* LiveBackendTests.swift in Sources */ = {isa = PBXBuildFile; fileRef = 13B6130C50876B86E11534F6 /* LiveBackendTests.swift */; };
		1C8D809901927C185631CCC1 /* Schedule.swift in Sources */ = {isa = PBXBuildFile; fileRef = 0B404F9D56E0D4FC24A30F35 /* Schedule.swift */; };
		214B994514BE464424A29889 /* Keychain.swift in Sources */ = {isa = PBXBuildFile; fileRef = 6E2CF95CE2CFABCEE59F14D6 /* Keychain.swift */; };
		21B7288F1CFA4D0BE7A342FD /* UnreadBannerSnapshotTests.swift in Sources */ = {isa = PBXBuildFile; fileRef = 43373D2E141F21E4C78457CF /* UnreadBannerSnapshotTests.swift */; };
		23EC6CA8D0C736B5EED88D0F /* JSON.swift in Sources */ = {isa = PBXBuildFile; fileRef = 5E2F59D2D7208CD22462EB0C /* JSON.swift */; };
		26514DB9DB56AFE075EC6AA4 /* ChannelLinksTests.swift in Sources */ = {isa = PBXBuildFile; fileRef = 888C8B5471FBCF6939976F42 /* ChannelLinksTests.swift */; };
		2726ED0573B89D3354A20F52 /* Assets.xcassets in Resources */ = {isa = PBXBuildFile; fileRef = 6511D58639F80B71BAF90EC5 /* Assets.xcassets */; };
		2C1CC04036F021F758936608 /* ChikuwaChatApp.swift in Sources */ = {isa = PBXBuildFile; fileRef = E23B1562429E692C8A4A632F /* ChikuwaChatApp.swift */; };
		2C1FC428F01A262CAFD3A2B5 /* PeopleList.swift in Sources */ = {isa = PBXBuildFile; fileRef = A8D41462A5457300887E01A5 /* PeopleList.swift */; };
		2E40AA56FDEDED6D38F856E7 /* AppDelegate.swift in Sources */ = {isa = PBXBuildFile; fileRef = 551D58741D5F426321F75F3F /* AppDelegate.swift */; };
		31A71FBD946D4C44D10260B2 /* PriorityViews.swift in Sources */ = {isa = PBXBuildFile; fileRef = 7E6E2C35053163BBEF50E5E4 /* PriorityViews.swift */; };
		3254F9BB576535AC2148731D /* PollFormView.swift in Sources */ = {isa = PBXBuildFile; fileRef = 9506961B0BB337D742C6CD06 /* PollFormView.swift */; };
		33C334AFCDB06C0347861DED /* DNDTests.swift in Sources */ = {isa = PBXBuildFile; fileRef = BC121C06BFAA7AB89AC54106 /* DNDTests.swift */; };
		34C9B61D2DB29833F7AFF2AF /* ChannelRulesTests.swift in Sources */ = {isa = PBXBuildFile; fileRef = 9FA4770AB270A20E2EC6ED9D /* ChannelRulesTests.swift */; };
		366C98EBC4A19B3450E5B7EE /* OlderPagingTests.swift in Sources */ = {isa = PBXBuildFile; fileRef = 2F1CDECCB37A118143D382F0 /* OlderPagingTests.swift */; };
		380C9F0E6DBCC708AE52A1F6 /* MentionsView.swift in Sources */ = {isa = PBXBuildFile; fileRef = 1FCAE33D55025EFA146CADC2 /* MentionsView.swift */; };
		401A7BAA18FCD2DC54E6F2D9 /* MessageRowAccessibilityTests.swift in Sources */ = {isa = PBXBuildFile; fileRef = 235F4C3E16ABCCEF1B647BFF /* MessageRowAccessibilityTests.swift */; };
		4445EC17948BAF11C3A7DCF7 /* KeyboardBehaviorTests.swift in Sources */ = {isa = PBXBuildFile; fileRef = C329DDC26BD5759D01F4ADDF /* KeyboardBehaviorTests.swift */; };
		4516C9968AF6F1EEDAFBD299 /* MessageActions.swift in Sources */ = {isa = PBXBuildFile; fileRef = 4B42F0BDEFE3B98EEFF6C089 /* MessageActions.swift */; };
		48471B90AD80B12A76F8D9D1 /* MainView.swift in Sources */ = {isa = PBXBuildFile; fileRef = 523DFDB1261A9B828CA81605 /* MainView.swift */; };
		48C7FDA6E58AED3E9E04985A /* Mentions.swift in Sources */ = {isa = PBXBuildFile; fileRef = 8E494C7AA73C2DCB826BFF98 /* Mentions.swift */; };
		4A200550DAB5D48B6138873E /* ChannelLinks.swift in Sources */ = {isa = PBXBuildFile; fileRef = 1A98B6538AD4A468120DB91A /* ChannelLinks.swift */; };
		4A6F0D7B6F124BAE39D7AA84 /* AppController.swift in Sources */ = {isa = PBXBuildFile; fileRef = AD73867C215B4C74259890CB /* AppController.swift */; };
		4A9E21A99D56EE5C0FA4FC0D /* Store.swift in Sources */ = {isa = PBXBuildFile; fileRef = 5B03D2E682612B378434AF45 /* Store.swift */; };
		4C1D216F9007A60F431172C1 /* Roster.swift in Sources */ = {isa = PBXBuildFile; fileRef = DD7B56434AC3E290743128FF /* Roster.swift */; };
		4CC82AFD90F0409F6821FE4B /* ChannelView.swift in Sources */ = {isa = PBXBuildFile; fileRef = 3F7662F23ED981268EBFB0F8 /* ChannelView.swift */; };
		4D1FD0A84466DAB53C3CC055 /* TotpView.swift in Sources */ = {isa = PBXBuildFile; fileRef = 684FAA7E106DDB3A241A57B4 /* TotpView.swift */; };
		4F2C96CF6E06B8753F4011DD /* ShareMessageSheet.swift in Sources */ = {isa = PBXBuildFile; fileRef = DA8BC6184A0BE68459D89563 /* ShareMessageSheet.swift */; };
		4FCBC813DBA604CC324CDD29 /* ChannelPreviewView.swift in Sources */ = {isa = PBXBuildFile; fileRef = E000C191299DE61BDC3CCF4F /* ChannelPreviewView.swift */; };
		500A85FC8BEF5289D246D082 /* Invite.swift in Sources */ = {isa = PBXBuildFile; fileRef = 44AD78A04AB0A93B55D3FBD1 /* Invite.swift */; };
		530944C23EA2DF5F405D1D04 /* WhoTests.swift in Sources */ = {isa = PBXBuildFile; fileRef = 898C6A9DAE763E84AC1644F1 /* WhoTests.swift */; };
		534CDBAC78E22E10C74356C0 /* CoverProbeTests.swift in Sources */ = {isa = PBXBuildFile; fileRef = DB0A0535FF76A382E3A1CBBE /* CoverProbeTests.swift */; };
		56C48C77F91642F79A806183 /* CustomEmoji.swift in Sources */ = {isa = PBXBuildFile; fileRef = 9E7D2AF429061631950C7906 /* CustomEmoji.swift */; };
		581692ADE9D9F2BF23170BDE /* ImageViewer.swift in Sources */ = {isa = PBXBuildFile; fileRef = 5396B11E764B50A589735215 /* ImageViewer.swift */; };
		599ACEB5BF7FE2981FB95DEE /* AvatarCache.swift in Sources */ = {isa = PBXBuildFile; fileRef = C4ACA1B40FD905B20357FE4C /* AvatarCache.swift */; };
		5C1990D579D1995D99A86ADD /* NoticeToast.swift in Sources */ = {isa = PBXBuildFile; fileRef = CC72EC7EE82888C41D902D52 /* NoticeToast.swift */; };
		5FECA8B2E9AF819525A1CAA1 /* EmojiPickerView.swift in Sources */ = {isa = PBXBuildFile; fileRef = 95FD7DBAAA32915EFEB8C458 /* EmojiPickerView.swift */; };
		620EFBB51B929A54482C81CF /* ReminderFormView.swift in Sources */ = {isa = PBXBuildFile; fileRef = E02FA6771A99098019D92F95 /* ReminderFormView.swift */; };
		63D511767DA278A39282C0C2 /* AvatarCropTests.swift in Sources */ = {isa = PBXBuildFile; fileRef = 5D7C4221F1AA22131FC80112 /* AvatarCropTests.swift */; };
		63D7FD65CF59273241B845D0 /* ThreadsListView.swift in Sources */ = {isa = PBXBuildFile; fileRef = 6B46E6619531606984F31D78 /* ThreadsListView.swift */; };
		64F100B2D1B77CEDE89CF100 /* RosterTests.swift in Sources */ = {isa = PBXBuildFile; fileRef = 021AEEA95E1D9DCF12F13504 /* RosterTests.swift */; };
		68DC322374BBCC068F64774A /* Timeline.swift in Sources */ = {isa = PBXBuildFile; fileRef = 00D8D7E37A6EBA67685667F3 /* Timeline.swift */; };
		6B2FA428DA0DFA1858ACA00C /* PushCenter.swift in Sources */ = {isa = PBXBuildFile; fileRef = B7A02E6942A8D6B822643B15 /* PushCenter.swift */; };
		6DC0827C57E10671F0A0B7E3 /* InviteView.swift in Sources */ = {isa = PBXBuildFile; fileRef = DD69D59780770BA776367B43 /* InviteView.swift */; };
		6FC3F67CB482231A52586E10 /* ProfileSheet.swift in Sources */ = {isa = PBXBuildFile; fileRef = 62B9AE41DC03738ACC485851 /* ProfileSheet.swift */; };
		7062DBC701415D5A49D00848 /* PushTests.swift in Sources */ = {isa = PBXBuildFile; fileRef = 3C1DC4CF6739F3437F8FC0FC /* PushTests.swift */; };
		73256CC2F95C92D250D34D1B /* MentionsTests.swift in Sources */ = {isa = PBXBuildFile; fileRef = 57F79027247AC5F2ACC79DFE /* MentionsTests.swift */; };
		73929A42759EC180C603E753 /* Models.swift in Sources */ = {isa = PBXBuildFile; fileRef = A676948BB8E2458464753586 /* Models.swift */; };
		817F08384C5E70498BA0AEF1 /* contract in Resources */ = {isa = PBXBuildFile; fileRef = D5EDF4064A701067C95149BF /* contract */; };
		8322E499EA0DBE1CA5A151E1 /* ComposerFormatTests.swift in Sources */ = {isa = PBXBuildFile; fileRef = 098E3FEB32BEC69B8C2B68AF /* ComposerFormatTests.swift */; };
		84C7F0EBE484CB4BB8577908 /* Search.swift in Sources */ = {isa = PBXBuildFile; fileRef = CA98EE4F635D9C1BC5DA1661 /* Search.swift */; };
		852F6EC26FBD2882E9D35828 /* AvatarCrop.swift in Sources */ = {isa = PBXBuildFile; fileRef = F1AA01730F6E993B9EFB406B /* AvatarCrop.swift */; };
		8613449A516B8C7EA5D701A8 /* CommandsTests.swift in Sources */ = {isa = PBXBuildFile; fileRef = 6D6ACD361FF6151716ED35A5 /* CommandsTests.swift */; };
		870A22BBBA909116002B711D /* FakeServer.swift in Sources */ = {isa = PBXBuildFile; fileRef = 048A41BC92EAD6644AFA7294 /* FakeServer.swift */; };
		8751CB0E1C8B0E9FD3B4698F /* ChangePasswordView.swift in Sources */ = {isa = PBXBuildFile; fileRef = 6DABA1B9B54042F38909BC6B /* ChangePasswordView.swift */; };
		8921EC124C7C0861FC70408B /* CustomEmojiTests.swift in Sources */ = {isa = PBXBuildFile; fileRef = 1E58245D5480A2E09DFF4DC8 /* CustomEmojiTests.swift */; };
		8BF7B083F5758F11D1414F33 /* InviteTests.swift in Sources */ = {isa = PBXBuildFile; fileRef = 0FB071937EF97C9E53923BC8 /* InviteTests.swift */; };
		8F6A01DF751DCCA4CB03E753 /* SearchView.swift in Sources */ = {isa = PBXBuildFile; fileRef = 4E8952935F7E755BB8B341C5 /* SearchView.swift */; };
		90F6A6D17DBE28C9A8F6B9A9 /* ThreadView.swift in Sources */ = {isa = PBXBuildFile; fileRef = 6DA8EAE5A6ED788AD8AC1252 /* ThreadView.swift */; };
		94795BEA74A315E918DE49B2 /* ApiClientTests.swift in Sources */ = {isa = PBXBuildFile; fileRef = B04D62C7707EB64D28E1A801 /* ApiClientTests.swift */; };
		96C9628A91945A999FBF1930 /* ReadAnchorTests.swift in Sources */ = {isa = PBXBuildFile; fileRef = E07A0F52A69CE44C46D2213A /* ReadAnchorTests.swift */; };
		96F9C758ED3FAB648F703260 /* DraftsView.swift in Sources */ = {isa = PBXBuildFile; fileRef = 25EC40A71175595521F5E564 /* DraftsView.swift */; };
		995E4F17B336663DCCF7D424 /* RevisionsView.swift in Sources */ = {isa = PBXBuildFile; fileRef = 411D0F28175679909161F694 /* RevisionsView.swift */; };
		9A431502E494454B5949098C /* KeyboardBehavior.swift in Sources */ = {isa = PBXBuildFile; fileRef = 3D8D44C8BF1DDCB4820DC752 /* KeyboardBehavior.swift */; };
		9E7035C4099857904103250B /* AttachmentsView.swift in Sources */ = {isa = PBXBuildFile; fileRef = B0331E3481EE3CCEC391E1E4 /* AttachmentsView.swift */; };
		9FBA5F10614875FDAE440DCC /* ScheduleTests.swift in Sources */ = {isa = PBXBuildFile; fileRef = 97BFF9DC0CE44D27566746C7 /* ScheduleTests.swift */; };
		A03EA59917F14D6087656DE5 /* DND.swift in Sources */ = {isa = PBXBuildFile; fileRef = 0979C692C57AD564B5051EAC /* DND.swift */; };
		A08D418A6147AFDDCBB082B3 /* LoginView.swift in Sources */ = {isa = PBXBuildFile; fileRef = B6F932BF9BB0A8A14CD47EF7 /* LoginView.swift */; };
		A1719158034259BB3144A2D9 /* WorkspacesTests.swift in Sources */ = {isa = PBXBuildFile; fileRef = 5EB0EC6D3A44DDEB8FDB92A4 /* WorkspacesTests.swift */; };
		A3F88C6675368E5954280D1E /* SQLiteStore.swift in Sources */ = {isa = PBXBuildFile; fileRef = 39E9ADECBF5D923FAA0488AD /* SQLiteStore.swift */; };
		A4237035856B7D0FB8927960 /* WebSocketTransport.swift in Sources */ = {isa = PBXBuildFile; fileRef = 4324FDC43FE12F139725608A /* WebSocketTransport.swift */; };
		A891B9120FA22239813BEACD /* Sheets.swift in Sources */ = {isa = PBXBuildFile; fileRef = B6BACB32869D36BC76BFACD3 /* Sheets.swift */; };
		A99FA5C06C95385D0101DF52 /* PollCardView.swift in Sources */ = {isa = PBXBuildFile; fileRef = 11ADABD71F51A91011248A1E /* PollCardView.swift */; };
		AB626CA2B33DEA99788CE811 /* TimelineTests.swift in Sources */ = {isa = PBXBuildFile; fileRef = 1427088F8204B7D1A390857F /* TimelineTests.swift */; };
		AD2480D35418CD3BCF831BA4 /* ErrorMessages.swift in Sources */ = {isa = PBXBuildFile; fileRef = 4BFA1430D19A954CF0F61BF9 /* ErrorMessages.swift */; };
		ADCC3B2BF1EB386D4AFD1640 /* MessageBodyView.swift in Sources */ = {isa = PBXBuildFile; fileRef = 7C74AC169B95554B18E616A6 /* MessageBodyView.swift */; };
		B1CDDE952F0B4087B861A27D /* Totp.swift in Sources */ = {isa = PBXBuildFile; fileRef = 9F8745FD65119CB04999AF56 /* Totp.swift */; };
		B229EA04E953D0194682727E /* ApiClient.swift in Sources */ = {isa = PBXBuildFile; fileRef = 20149D2520CFB689B293AEB2 /* ApiClient.swift */; };
		B4CD4CF8E05DA616E9EBA973 /* UserScrollTests.swift in Sources */ = {isa = PBXBuildFile; fileRef = A0A51B81551C8578ACBBC035 /* UserScrollTests.swift */; };
		B60B25516F421B2D785D44C4 /* ChannelIntroView.swift in Sources */ = {isa = PBXBuildFile; fileRef = 040510582EF3182E66D21640 /* ChannelIntroView.swift */; };
		BAC374BD1E76EA42F1E24852 /* TypingLine.swift in Sources */ = {isa = PBXBuildFile; fileRef = 234BE2448E1022BD0D1D55EB /* TypingLine.swift */; };
		BCEA516CDCFE4577A8CE97B7 /* ChannelListView.swift in Sources */ = {isa = PBXBuildFile; fileRef = 9B7251E3E02E155A12489239 /* ChannelListView.swift */; };
		BD01E7FD93BC7A0D72CA8F47 /* DirectoryView.swift in Sources */ = {isa = PBXBuildFile; fileRef = 7787A42779309636F0D889A4 /* DirectoryView.swift */; };
		BDF7ED16F69E6499A10F480F /* TotpTests.swift in Sources */ = {isa = PBXBuildFile; fileRef = 61625940E4B9AF742CAD4291 /* TotpTests.swift */; };
		BE0EEC433E91E58BC53EFB48 /* SyncEngineTests.swift in Sources */ = {isa = PBXBuildFile; fileRef = B8B608469889F53E3FF7E26C /* SyncEngineTests.swift */; };
		BF21ACAE32EB5D85A1485CB8 /* FilesView.swift in Sources */ = {isa = PBXBuildFile; fileRef = 026967342CC9E58E372D3A44 /* FilesView.swift */; };
		C16C2276BDBF94DB8C34BF8D /* Workspaces.swift in Sources */ = {isa = PBXBuildFile; fileRef = 5E67B45469B6C5625C8D9A6A /* Workspaces.swift */; };
		C3D7A8E5ED5B565412D4A51A /* EmojiTests.swift in Sources */ = {isa = PBXBuildFile; fileRef = AEEE327A40F68B8450858B9E /* EmojiTests.swift */; };
		CB580DDF4A008845D30F4F2F /* LinkPreviewCard.swift in Sources */ = {isa = PBXBuildFile; fileRef = EE53857316C0711ABC592BE3 /* LinkPreviewCard.swift */; };
		CBD65280B7792F5C68583C5D /* SyncEngine.swift in Sources */ = {isa = PBXBuildFile; fileRef = 24269094945450CF90BCAC33 /* SyncEngine.swift */; };
		CCDA600DF1E454593B370952 /* BodyTokenizerTests.swift in Sources */ = {isa = PBXBuildFile; fileRef = 84C41EAEB3980354A4AA86E1 /* BodyTokenizerTests.swift */; };
		D0B2472E5BD47A5F644307EF /* DraftsTests.swift in Sources */ = {isa = PBXBuildFile; fileRef = AD8985AFAA19CE7A4EEF8F77 /* DraftsTests.swift */; };
		D1360F215A5C4911ED74BB2F /* SearchLogicTests.swift in Sources */ = {isa = PBXBuildFile; fileRef = 58E69EFE1A7FE36AF129AFCD /* SearchLogicTests.swift */; };
		D260C8E32D5C94D44912611D /* PermalinkTests.swift in Sources */ = {isa = PBXBuildFile; fileRef = 6C0AE2256346242EC86282BF /* PermalinkTests.swift */; };
		DA913C2DF69793934EEF259E /* Commands.swift in Sources */ = {isa = PBXBuildFile; fileRef = 5A1F069A68D7455481B1FB4B /* Commands.swift */; };
		DC2D572AB84C9472A95422CE /* EmojiData.swift in Sources */ = {isa = PBXBuildFile; fileRef = 9762241E8CC66308A104F181 /* EmojiData.swift */; };
		DD186BA276E115EA76964F24 /* PinsView.swift in Sources */ = {isa = PBXBuildFile; fileRef = B5CFB01E67A972B78B96D8C2 /* PinsView.swift */; };
		DFB917EDBAFE20528E406E4C /* LinksTests.swift in Sources */ = {isa = PBXBuildFile; fileRef = 41D8FE044BFBF564E1DC7816 /* LinksTests.swift */; };
		E200EC6ED147DF3669158C04 /* SearchWorkspaceSnapshotTests.swift in Sources */ = {isa = PBXBuildFile; fileRef = E07AA1D9EDE0DEABBA2BA87B /* SearchWorkspaceSnapshotTests.swift */; };
		E4DA52B9A5BEDC920C00F9D2 /* RemindersView.swift in Sources */ = {isa = PBXBuildFile; fileRef = D5025810DA770D8747ACC610 /* RemindersView.swift */; };
		E68C8CCBC9A310A60EDFE3AC /* ReadGateTests.swift in Sources */ = {isa = PBXBuildFile; fileRef = 5295A8876F64E2619E181FDA /* ReadGateTests.swift */; };
		EDE53AD32D895962D18304A7 /* ComposerFormat.swift in Sources */ = {isa = PBXBuildFile; fileRef = 191961E1D178CA371B035C04 /* ComposerFormat.swift */; };
		F1DF4502E645742E45499BC4 /* MessageCodingTests.swift in Sources */ = {isa = PBXBuildFile; fileRef = 5B4A789666614090C341ED42 /* MessageCodingTests.swift */; };
		F2230137BE87493D9D0FDC74 /* Emoji.swift in Sources */ = {isa = PBXBuildFile; fileRef = 342A0B1BCD9379AB86C4B521 /* Emoji.swift */; };
		F3CEE1B5F37D4646C4F23442 /* Templates.swift in Sources */ = {isa = PBXBuildFile; fileRef = B747AFDE44257CFE5ACB9705 /* Templates.swift */; };
		F4589722D2A3D658DBB7DD74 /* WorkspaceViews.swift in Sources */ = {isa = PBXBuildFile; fileRef = F0676EB1F814109C85165B0B /* WorkspaceViews.swift */; };
		F620F4D16BD57ABD77ABECE3 /* SavedView.swift in Sources */ = {isa = PBXBuildFile; fileRef = 9B4C8A95833707C7581F036D /* SavedView.swift */; };
		F6B0289DCC3A8F13206BE205 /* DraftSyncTests.swift in Sources */ = {isa = PBXBuildFile; fileRef = 86D5DFCD4849BD74C5BD21B4 /* DraftSyncTests.swift */; };
		F98DDD6607EB0D904F1E37C4 /* ShareTests.swift in Sources */ = {isa = PBXBuildFile; fileRef = 9FA240682AC06B184CE133E2 /* ShareTests.swift */; };
		F9AE534F5A1A2B3ED7311EC2 /* ContractTests.swift in Sources */ = {isa = PBXBuildFile; fileRef = 91851A02B144D3F57EB66170 /* ContractTests.swift */; };
		FB26D88A3A28AF522C46FD3B /* BrowserSnapshotTests.swift in Sources */ = {isa = PBXBuildFile; fileRef = 57361050F0BB2C12BDB8B78B /* BrowserSnapshotTests.swift */; };
		FEDDC0F643516E74169B0597 /* PollTests.swift in Sources */ = {isa = PBXBuildFile; fileRef = EC003D2126376F0BCBAEB48E /* PollTests.swift */; };
		FF91D7B337478DE41D4D5486 /* UnreadRangeTests.swift in Sources */ = {isa = PBXBuildFile; fileRef = 53CCFFE89EA1C7A2E59262F2 /* UnreadRangeTests.swift */; };
/* End PBXBuildFile section */

/* Begin PBXContainerItemProxy section */
		332DE3ADC7FC72DC0EBD8C1E /* PBXContainerItemProxy */ = {
			isa = PBXContainerItemProxy;
			containerPortal = A8F363DCE70EC6B8FB238379 /* Project object */;
			proxyType = 1;
			remoteGlobalIDString = D3BCBDFCF8E43CBE7EF61917;
			remoteInfo = ChikuwaChat;
		};
/* End PBXContainerItemProxy section */

/* Begin PBXFileReference section */
		00D8D7E37A6EBA67685667F3 /* Timeline.swift */ = {isa = PBXFileReference; lastKnownFileType = sourcecode.swift; path = Timeline.swift; sourceTree = "<group>"; };
		021AEEA95E1D9DCF12F13504 /* RosterTests.swift */ = {isa = PBXFileReference; lastKnownFileType = sourcecode.swift; path = RosterTests.swift; sourceTree = "<group>"; };
		026967342CC9E58E372D3A44 /* FilesView.swift */ = {isa = PBXFileReference; lastKnownFileType = sourcecode.swift; path = FilesView.swift; sourceTree = "<group>"; };
		040510582EF3182E66D21640 /* ChannelIntroView.swift */ = {isa = PBXFileReference; lastKnownFileType = sourcecode.swift; path = ChannelIntroView.swift; sourceTree = "<group>"; };
		048A41BC92EAD6644AFA7294 /* FakeServer.swift */ = {isa = PBXFileReference; lastKnownFileType = sourcecode.swift; path = FakeServer.swift; sourceTree = "<group>"; };
		095DC9C14EA053C04A5D3DEA /* ThreadsSnapshotTests.swift */ = {isa = PBXFileReference; lastKnownFileType = sourcecode.swift; path = ThreadsSnapshotTests.swift; sourceTree = "<group>"; };
		0979C692C57AD564B5051EAC /* DND.swift */ = {isa = PBXFileReference; lastKnownFileType = sourcecode.swift; path = DND.swift; sourceTree = "<group>"; };
		098E3FEB32BEC69B8C2B68AF /* ComposerFormatTests.swift */ = {isa = PBXFileReference; lastKnownFileType = sourcecode.swift; path = ComposerFormatTests.swift; sourceTree = "<group>"; };
		0B404F9D56E0D4FC24A30F35 /* Schedule.swift */ = {isa = PBXFileReference; lastKnownFileType = sourcecode.swift; path = Schedule.swift; sourceTree = "<group>"; };
		0FB071937EF97C9E53923BC8 /* InviteTests.swift */ = {isa = PBXFileReference; lastKnownFileType = sourcecode.swift; path = InviteTests.swift; sourceTree = "<group>"; };
		11ADABD71F51A91011248A1E /* PollCardView.swift */ = {isa = PBXFileReference; lastKnownFileType = sourcecode.swift; path = PollCardView.swift; sourceTree = "<group>"; };
		13B6130C50876B86E11534F6 /* LiveBackendTests.swift */ = {isa = PBXFileReference; lastKnownFileType = sourcecode.swift; path = LiveBackendTests.swift; sourceTree = "<group>"; };
		1427088F8204B7D1A390857F /* TimelineTests.swift */ = {isa = PBXFileReference; lastKnownFileType = sourcecode.swift; path = TimelineTests.swift; sourceTree = "<group>"; };
		191961E1D178CA371B035C04 /* ComposerFormat.swift */ = {isa = PBXFileReference; lastKnownFileType = sourcecode.swift; path = ComposerFormat.swift; sourceTree = "<group>"; };
		1A98B6538AD4A468120DB91A /* ChannelLinks.swift */ = {isa = PBXFileReference; lastKnownFileType = sourcecode.swift; path = ChannelLinks.swift; sourceTree = "<group>"; };
		1E58245D5480A2E09DFF4DC8 /* CustomEmojiTests.swift */ = {isa = PBXFileReference; lastKnownFileType = sourcecode.swift; path = CustomEmojiTests.swift; sourceTree = "<group>"; };
		1FCAE33D55025EFA146CADC2 /* MentionsView.swift */ = {isa = PBXFileReference; lastKnownFileType = sourcecode.swift; path = MentionsView.swift; sourceTree = "<group>"; };
		20149D2520CFB689B293AEB2 /* ApiClient.swift */ = {isa = PBXFileReference; lastKnownFileType = sourcecode.swift; path = ApiClient.swift; sourceTree = "<group>"; };
		22D11A729F3DC9A928D8517A /* IsoDatesTests.swift */ = {isa = PBXFileReference; lastKnownFileType = sourcecode.swift; path = IsoDatesTests.swift; sourceTree = "<group>"; };
		234BE2448E1022BD0D1D55EB /* TypingLine.swift */ = {isa = PBXFileReference; lastKnownFileType = sourcecode.swift; path = TypingLine.swift; sourceTree = "<group>"; };
		235F4C3E16ABCCEF1B647BFF /* MessageRowAccessibilityTests.swift */ = {isa = PBXFileReference; lastKnownFileType = sourcecode.swift; path = MessageRowAccessibilityTests.swift; sourceTree = "<group>"; };
		24269094945450CF90BCAC33 /* SyncEngine.swift */ = {isa = PBXFileReference; lastKnownFileType = sourcecode.swift; path = SyncEngine.swift; sourceTree = "<group>"; };
		25EC40A71175595521F5E564 /* DraftsView.swift */ = {isa = PBXFileReference; lastKnownFileType = sourcecode.swift; path = DraftsView.swift; sourceTree = "<group>"; };
		2F1CDECCB37A118143D382F0 /* OlderPagingTests.swift */ = {isa = PBXFileReference; lastKnownFileType = sourcecode.swift; path = OlderPagingTests.swift; sourceTree = "<group>"; };
		342A0B1BCD9379AB86C4B521 /* Emoji.swift */ = {isa = PBXFileReference; lastKnownFileType = sourcecode.swift; path = Emoji.swift; sourceTree = "<group>"; };
		39E9ADECBF5D923FAA0488AD /* SQLiteStore.swift */ = {isa = PBXFileReference; lastKnownFileType = sourcecode.swift; path = SQLiteStore.swift; sourceTree = "<group>"; };
		3C1DC4CF6739F3437F8FC0FC /* PushTests.swift */ = {isa = PBXFileReference; lastKnownFileType = sourcecode.swift; path = PushTests.swift; sourceTree = "<group>"; };
		3D8D44C8BF1DDCB4820DC752 /* KeyboardBehavior.swift */ = {isa = PBXFileReference; lastKnownFileType = sourcecode.swift; path = KeyboardBehavior.swift; sourceTree = "<group>"; };
		3F7662F23ED981268EBFB0F8 /* ChannelView.swift */ = {isa = PBXFileReference; lastKnownFileType = sourcecode.swift; path = ChannelView.swift; sourceTree = "<group>"; };
		411D0F28175679909161F694 /* RevisionsView.swift */ = {isa = PBXFileReference; lastKnownFileType = sourcecode.swift; path = RevisionsView.swift; sourceTree = "<group>"; };
		41D8FE044BFBF564E1DC7816 /* LinksTests.swift */ = {isa = PBXFileReference; lastKnownFileType = sourcecode.swift; path = LinksTests.swift; sourceTree = "<group>"; };
		4324FDC43FE12F139725608A /* WebSocketTransport.swift */ = {isa = PBXFileReference; lastKnownFileType = sourcecode.swift; path = WebSocketTransport.swift; sourceTree = "<group>"; };
		43373D2E141F21E4C78457CF /* UnreadBannerSnapshotTests.swift */ = {isa = PBXFileReference; lastKnownFileType = sourcecode.swift; path = UnreadBannerSnapshotTests.swift; sourceTree = "<group>"; };
		44AD78A04AB0A93B55D3FBD1 /* Invite.swift */ = {isa = PBXFileReference; lastKnownFileType = sourcecode.swift; path = Invite.swift; sourceTree = "<group>"; };
		490CD2ABE3C202D8366FF9CE /* AvatarView.swift */ = {isa = PBXFileReference; lastKnownFileType = sourcecode.swift; path = AvatarView.swift; sourceTree = "<group>"; };
		4B42F0BDEFE3B98EEFF6C089 /* MessageActions.swift */ = {isa = PBXFileReference; lastKnownFileType = sourcecode.swift; path = MessageActions.swift; sourceTree = "<group>"; };
		4BFA1430D19A954CF0F61BF9 /* ErrorMessages.swift */ = {isa = PBXFileReference; lastKnownFileType = sourcecode.swift; path = ErrorMessages.swift; sourceTree = "<group>"; };
		4E8952935F7E755BB8B341C5 /* SearchView.swift */ = {isa = PBXFileReference; lastKnownFileType = sourcecode.swift; path = SearchView.swift; sourceTree = "<group>"; };
		523DFDB1261A9B828CA81605 /* MainView.swift */ = {isa = PBXFileReference; lastKnownFileType = sourcecode.swift; path = MainView.swift; sourceTree = "<group>"; };
		5295A8876F64E2619E181FDA /* ReadGateTests.swift */ = {isa = PBXFileReference; lastKnownFileType = sourcecode.swift; path = ReadGateTests.swift; sourceTree = "<group>"; };
		5396B11E764B50A589735215 /* ImageViewer.swift */ = {isa = PBXFileReference; lastKnownFileType = sourcecode.swift; path = ImageViewer.swift; sourceTree = "<group>"; };
		53CCFFE89EA1C7A2E59262F2 /* UnreadRangeTests.swift */ = {isa = PBXFileReference; lastKnownFileType = sourcecode.swift; path = UnreadRangeTests.swift; sourceTree = "<group>"; };
		551D58741D5F426321F75F3F /* AppDelegate.swift */ = {isa = PBXFileReference; lastKnownFileType = sourcecode.swift; path = AppDelegate.swift; sourceTree = "<group>"; };
		57361050F0BB2C12BDB8B78B /* BrowserSnapshotTests.swift */ = {isa = PBXFileReference; lastKnownFileType = sourcecode.swift; path = BrowserSnapshotTests.swift; sourceTree = "<group>"; };
		57F79027247AC5F2ACC79DFE /* MentionsTests.swift */ = {isa = PBXFileReference; lastKnownFileType = sourcecode.swift; path = MentionsTests.swift; sourceTree = "<group>"; };
		58E69EFE1A7FE36AF129AFCD /* SearchLogicTests.swift */ = {isa = PBXFileReference; lastKnownFileType = sourcecode.swift; path = SearchLogicTests.swift; sourceTree = "<group>"; };
		5A1F069A68D7455481B1FB4B /* Commands.swift */ = {isa = PBXFileReference; lastKnownFileType = sourcecode.swift; path = Commands.swift; sourceTree = "<group>"; };
		5B03D2E682612B378434AF45 /* Store.swift */ = {isa = PBXFileReference; lastKnownFileType = sourcecode.swift; path = Store.swift; sourceTree = "<group>"; };
		5B4A789666614090C341ED42 /* MessageCodingTests.swift */ = {isa = PBXFileReference; lastKnownFileType = sourcecode.swift; path = MessageCodingTests.swift; sourceTree = "<group>"; };
		5D7C4221F1AA22131FC80112 /* AvatarCropTests.swift */ = {isa = PBXFileReference; lastKnownFileType = sourcecode.swift; path = AvatarCropTests.swift; sourceTree = "<group>"; };
		5E2F59D2D7208CD22462EB0C /* JSON.swift */ = {isa = PBXFileReference; lastKnownFileType = sourcecode.swift; path = JSON.swift; sourceTree = "<group>"; };
		5E67B45469B6C5625C8D9A6A /* Workspaces.swift */ = {isa = PBXFileReference; lastKnownFileType = sourcecode.swift; path = Workspaces.swift; sourceTree = "<group>"; };
		5EB0EC6D3A44DDEB8FDB92A4 /* WorkspacesTests.swift */ = {isa = PBXFileReference; lastKnownFileType = sourcecode.swift; path = WorkspacesTests.swift; sourceTree = "<group>"; };
		61625940E4B9AF742CAD4291 /* TotpTests.swift */ = {isa = PBXFileReference; lastKnownFileType = sourcecode.swift; path = TotpTests.swift; sourceTree = "<group>"; };
		62B9AE41DC03738ACC485851 /* ProfileSheet.swift */ = {isa = PBXFileReference; lastKnownFileType = sourcecode.swift; path = ProfileSheet.swift; sourceTree = "<group>"; };
		6511D58639F80B71BAF90EC5 /* Assets.xcassets */ = {isa = PBXFileReference; lastKnownFileType = folder.assetcatalog; path = Assets.xcassets; sourceTree = "<group>"; };
		684FAA7E106DDB3A241A57B4 /* TotpView.swift */ = {isa = PBXFileReference; lastKnownFileType = sourcecode.swift; path = TotpView.swift; sourceTree = "<group>"; };
		6B46E6619531606984F31D78 /* ThreadsListView.swift */ = {isa = PBXFileReference; lastKnownFileType = sourcecode.swift; path = ThreadsListView.swift; sourceTree = "<group>"; };
		6C0AE2256346242EC86282BF /* PermalinkTests.swift */ = {isa = PBXFileReference; lastKnownFileType = sourcecode.swift; path = PermalinkTests.swift; sourceTree = "<group>"; };
		6D6ACD361FF6151716ED35A5 /* CommandsTests.swift */ = {isa = PBXFileReference; lastKnownFileType = sourcecode.swift; path = CommandsTests.swift; sourceTree = "<group>"; };
		6DA8EAE5A6ED788AD8AC1252 /* ThreadView.swift */ = {isa = PBXFileReference; lastKnownFileType = sourcecode.swift; path = ThreadView.swift; sourceTree = "<group>"; };
		6DABA1B9B54042F38909BC6B /* ChangePasswordView.swift */ = {isa = PBXFileReference; lastKnownFileType = sourcecode.swift; path = ChangePasswordView.swift; sourceTree = "<group>"; };
		6E2CF95CE2CFABCEE59F14D6 /* Keychain.swift */ = {isa = PBXFileReference; lastKnownFileType = sourcecode.swift; path = Keychain.swift; sourceTree = "<group>"; };
		7787A42779309636F0D889A4 /* DirectoryView.swift */ = {isa = PBXFileReference; lastKnownFileType = sourcecode.swift; path = DirectoryView.swift; sourceTree = "<group>"; };
		7C74AC169B95554B18E616A6 /* MessageBodyView.swift */ = {isa = PBXFileReference; lastKnownFileType = sourcecode.swift; path = MessageBodyView.swift; sourceTree = "<group>"; };
		7E34E3CB601F52EA9350E096 /* ComposerSnapshotTests.swift */ = {isa = PBXFileReference; lastKnownFileType = sourcecode.swift; path = ComposerSnapshotTests.swift; sourceTree = "<group>"; };
		7E6E2C35053163BBEF50E5E4 /* PriorityViews.swift */ = {isa = PBXFileReference; lastKnownFileType = sourcecode.swift; path = PriorityViews.swift; sourceTree = "<group>"; };
		84C41EAEB3980354A4AA86E1 /* BodyTokenizerTests.swift */ = {isa = PBXFileReference; lastKnownFileType = sourcecode.swift; path = BodyTokenizerTests.swift; sourceTree = "<group>"; };
		86D5DFCD4849BD74C5BD21B4 /* DraftSyncTests.swift */ = {isa = PBXFileReference; lastKnownFileType = sourcecode.swift; path = DraftSyncTests.swift; sourceTree = "<group>"; };
		888C8B5471FBCF6939976F42 /* ChannelLinksTests.swift */ = {isa = PBXFileReference; lastKnownFileType = sourcecode.swift; path = ChannelLinksTests.swift; sourceTree = "<group>"; };
		898C6A9DAE763E84AC1644F1 /* WhoTests.swift */ = {isa = PBXFileReference; lastKnownFileType = sourcecode.swift; path = WhoTests.swift; sourceTree = "<group>"; };
		89AF06AAF4BDDFD30FB894ED /* SectionFormView.swift */ = {isa = PBXFileReference; lastKnownFileType = sourcecode.swift; path = SectionFormView.swift; sourceTree = "<group>"; };
		8DDC445F3DDA1CFB83264C1B /* ChannelBrowserView.swift */ = {isa = PBXFileReference; lastKnownFileType = sourcecode.swift; path = ChannelBrowserView.swift; sourceTree = "<group>"; };
		8E494C7AA73C2DCB826BFF98 /* Mentions.swift */ = {isa = PBXFileReference; lastKnownFileType = sourcecode.swift; path = Mentions.swift; sourceTree = "<group>"; };
		91851A02B144D3F57EB66170 /* ContractTests.swift */ = {isa = PBXFileReference; lastKnownFileType = sourcecode.swift; path = ContractTests.swift; sourceTree = "<group>"; };
		9506961B0BB337D742C6CD06 /* PollFormView.swift */ = {isa = PBXFileReference; lastKnownFileType = sourcecode.swift; path = PollFormView.swift; sourceTree = "<group>"; };
		95FD7DBAAA32915EFEB8C458 /* EmojiPickerView.swift */ = {isa = PBXFileReference; lastKnownFileType = sourcecode.swift; path = EmojiPickerView.swift; sourceTree = "<group>"; };
		9762241E8CC66308A104F181 /* EmojiData.swift */ = {isa = PBXFileReference; lastKnownFileType = sourcecode.swift; path = EmojiData.swift; sourceTree = "<group>"; };
		97BFF9DC0CE44D27566746C7 /* ScheduleTests.swift */ = {isa = PBXFileReference; lastKnownFileType = sourcecode.swift; path = ScheduleTests.swift; sourceTree = "<group>"; };
		9B4C8A95833707C7581F036D /* SavedView.swift */ = {isa = PBXFileReference; lastKnownFileType = sourcecode.swift; path = SavedView.swift; sourceTree = "<group>"; };
		9B7251E3E02E155A12489239 /* ChannelListView.swift */ = {isa = PBXFileReference; lastKnownFileType = sourcecode.swift; path = ChannelListView.swift; sourceTree = "<group>"; };
		9E7D2AF429061631950C7906 /* CustomEmoji.swift */ = {isa = PBXFileReference; lastKnownFileType = sourcecode.swift; path = CustomEmoji.swift; sourceTree = "<group>"; };
		9F8745FD65119CB04999AF56 /* Totp.swift */ = {isa = PBXFileReference; lastKnownFileType = sourcecode.swift; path = Totp.swift; sourceTree = "<group>"; };
		9FA240682AC06B184CE133E2 /* ShareTests.swift */ = {isa = PBXFileReference; lastKnownFileType = sourcecode.swift; path = ShareTests.swift; sourceTree = "<group>"; };
		9FA4770AB270A20E2EC6ED9D /* ChannelRulesTests.swift */ = {isa = PBXFileReference; lastKnownFileType = sourcecode.swift; path = ChannelRulesTests.swift; sourceTree = "<group>"; };
		A0A51B81551C8578ACBBC035 /* UserScrollTests.swift */ = {isa = PBXFileReference; lastKnownFileType = sourcecode.swift; path = UserScrollTests.swift; sourceTree = "<group>"; };
		A676948BB8E2458464753586 /* Models.swift */ = {isa = PBXFileReference; lastKnownFileType = sourcecode.swift; path = Models.swift; sourceTree = "<group>"; };
		A8D41462A5457300887E01A5 /* PeopleList.swift */ = {isa = PBXFileReference; lastKnownFileType = sourcecode.swift; path = PeopleList.swift; sourceTree = "<group>"; };
		A980BB847A9CA5813A391341 /* DraftSync.swift */ = {isa = PBXFileReference; lastKnownFileType = sourcecode.swift; path = DraftSync.swift; sourceTree = "<group>"; };
		AD73867C215B4C74259890CB /* AppController.swift */ = {isa = PBXFileReference; lastKnownFileType = sourcecode.swift; path = AppController.swift; sourceTree = "<group>"; };
		AD8985AFAA19CE7A4EEF8F77 /* DraftsTests.swift */ = {isa = PBXFileReference; lastKnownFileType = sourcecode.swift; path = DraftsTests.swift; sourceTree = "<group>"; };
		AEEE327A40F68B8450858B9E /* EmojiTests.swift */ = {isa = PBXFileReference; lastKnownFileType = sourcecode.swift; path = EmojiTests.swift; sourceTree = "<group>"; };
		B0331E3481EE3CCEC391E1E4 /* AttachmentsView.swift */ = {isa = PBXFileReference; lastKnownFileType = sourcecode.swift; path = AttachmentsView.swift; sourceTree = "<group>"; };
		B04D62C7707EB64D28E1A801 /* ApiClientTests.swift */ = {isa = PBXFileReference; lastKnownFileType = sourcecode.swift; path = ApiClientTests.swift; sourceTree = "<group>"; };
		B5CFB01E67A972B78B96D8C2 /* PinsView.swift */ = {isa = PBXFileReference; lastKnownFileType = sourcecode.swift; path = PinsView.swift; sourceTree = "<group>"; };
		B5F2726C9A1A5967B40BDC4A /* TemplatesTests.swift */ = {isa = PBXFileReference; lastKnownFileType = sourcecode.swift; path = TemplatesTests.swift; sourceTree = "<group>"; };
		B6BACB32869D36BC76BFACD3 /* Sheets.swift */ = {isa = PBXFileReference; lastKnownFileType = sourcecode.swift; path = Sheets.swift; sourceTree = "<group>"; };
		B6F932BF9BB0A8A14CD47EF7 /* LoginView.swift */ = {isa = PBXFileReference; lastKnownFileType = sourcecode.swift; path = LoginView.swift; sourceTree = "<group>"; };
		B747AFDE44257CFE5ACB9705 /* Templates.swift */ = {isa = PBXFileReference; lastKnownFileType = sourcecode.swift; path = Templates.swift; sourceTree = "<group>"; };
		B770F0D367C58D2D20912066 /* SearchHighlightTests.swift */ = {isa = PBXFileReference; lastKnownFileType = sourcecode.swift; path = SearchHighlightTests.swift; sourceTree = "<group>"; };
		B7A02E6942A8D6B822643B15 /* PushCenter.swift */ = {isa = PBXFileReference; lastKnownFileType = sourcecode.swift; path = PushCenter.swift; sourceTree = "<group>"; };
		B8B608469889F53E3FF7E26C /* SyncEngineTests.swift */ = {isa = PBXFileReference; lastKnownFileType = sourcecode.swift; path = SyncEngineTests.swift; sourceTree = "<group>"; };
		BC121C06BFAA7AB89AC54106 /* DNDTests.swift */ = {isa = PBXFileReference; lastKnownFileType = sourcecode.swift; path = DNDTests.swift; sourceTree = "<group>"; };
		C0419A9377EEC2EE76A9C4C8 /* ChikuwaChat.app */ = {isa = PBXFileReference; includeInIndex = 0; lastKnownFileType = wrapper.application; path = ChikuwaChat.app; sourceTree = BUILT_PRODUCTS_DIR; };
		C329DDC26BD5759D01F4ADDF /* KeyboardBehaviorTests.swift */ = {isa = PBXFileReference; lastKnownFileType = sourcecode.swift; path = KeyboardBehaviorTests.swift; sourceTree = "<group>"; };
		C4ACA1B40FD905B20357FE4C /* AvatarCache.swift */ = {isa = PBXFileReference; lastKnownFileType = sourcecode.swift; path = AvatarCache.swift; sourceTree = "<group>"; };
		C5B17C0044CEFA7773C29BDC /* Permalink.swift */ = {isa = PBXFileReference; lastKnownFileType = sourcecode.swift; path = Permalink.swift; sourceTree = "<group>"; };
		CA98EE4F635D9C1BC5DA1661 /* Search.swift */ = {isa = PBXFileReference; lastKnownFileType = sourcecode.swift; path = Search.swift; sourceTree = "<group>"; };
		CC72EC7EE82888C41D902D52 /* NoticeToast.swift */ = {isa = PBXFileReference; lastKnownFileType = sourcecode.swift; path = NoticeToast.swift; sourceTree = "<group>"; };
		CF9BD65FAC55856BE6E82043 /* ChikuwaChatTests.xctest */ = {isa = PBXFileReference; includeInIndex = 0; lastKnownFileType = wrapper.cfbundle; path = ChikuwaChatTests.xctest; sourceTree = BUILT_PRODUCTS_DIR; };
		D5025810DA770D8747ACC610 /* RemindersView.swift */ = {isa = PBXFileReference; lastKnownFileType = sourcecode.swift; path = RemindersView.swift; sourceTree = "<group>"; };
		D5EDF4064A701067C95149BF /* contract */ = {isa = PBXFileReference; lastKnownFileType = folder; name = contract; path = ../../server/tests/contract; sourceTree = SOURCE_ROOT; };
		DA8BC6184A0BE68459D89563 /* ShareMessageSheet.swift */ = {isa = PBXFileReference; lastKnownFileType = sourcecode.swift; path = ShareMessageSheet.swift; sourceTree = "<group>"; };
		DB0A0535FF76A382E3A1CBBE /* CoverProbeTests.swift */ = {isa = PBXFileReference; lastKnownFileType = sourcecode.swift; path = CoverProbeTests.swift; sourceTree = "<group>"; };
		DD69D59780770BA776367B43 /* InviteView.swift */ = {isa = PBXFileReference; lastKnownFileType = sourcecode.swift; path = InviteView.swift; sourceTree = "<group>"; };
		DD7B56434AC3E290743128FF /* Roster.swift */ = {isa = PBXFileReference; lastKnownFileType = sourcecode.swift; path = Roster.swift; sourceTree = "<group>"; };
		E000C191299DE61BDC3CCF4F /* ChannelPreviewView.swift */ = {isa = PBXFileReference; lastKnownFileType = sourcecode.swift; path = ChannelPreviewView.swift; sourceTree = "<group>"; };
		E02FA6771A99098019D92F95 /* ReminderFormView.swift */ = {isa = PBXFileReference; lastKnownFileType = sourcecode.swift; path = ReminderFormView.swift; sourceTree = "<group>"; };
		E07A0F52A69CE44C46D2213A /* ReadAnchorTests.swift */ = {isa = PBXFileReference; lastKnownFileType = sourcecode.swift; path = ReadAnchorTests.swift; sourceTree = "<group>"; };
		E07AA1D9EDE0DEABBA2BA87B /* SearchWorkspaceSnapshotTests.swift */ = {isa = PBXFileReference; lastKnownFileType = sourcecode.swift; path = SearchWorkspaceSnapshotTests.swift; sourceTree = "<group>"; };
		E23B1562429E692C8A4A632F /* ChikuwaChatApp.swift */ = {isa = PBXFileReference; lastKnownFileType = sourcecode.swift; path = ChikuwaChatApp.swift; sourceTree = "<group>"; };
		E8311B119AAD428B9FFE2D33 /* CameraPicker.swift */ = {isa = PBXFileReference; lastKnownFileType = sourcecode.swift; path = CameraPicker.swift; sourceTree = "<group>"; };
		EC003D2126376F0BCBAEB48E /* PollTests.swift */ = {isa = PBXFileReference; lastKnownFileType = sourcecode.swift; path = PollTests.swift; sourceTree = "<group>"; };
		EE53857316C0711ABC592BE3 /* LinkPreviewCard.swift */ = {isa = PBXFileReference; lastKnownFileType = sourcecode.swift; path = LinkPreviewCard.swift; sourceTree = "<group>"; };
		F0676EB1F814109C85165B0B /* WorkspaceViews.swift */ = {isa = PBXFileReference; lastKnownFileType = sourcecode.swift; path = WorkspaceViews.swift; sourceTree = "<group>"; };
		F1AA01730F6E993B9EFB406B /* AvatarCrop.swift */ = {isa = PBXFileReference; lastKnownFileType = sourcecode.swift; path = AvatarCrop.swift; sourceTree = "<group>"; };
		F4B2BB586E878AEEC2A31668 /* Share.swift */ = {isa = PBXFileReference; lastKnownFileType = sourcecode.swift; path = Share.swift; sourceTree = "<group>"; };
		FF56C1D17673E9A46D280F6D /* Frames.swift */ = {isa = PBXFileReference; lastKnownFileType = sourcecode.swift; path = Frames.swift; sourceTree = "<group>"; };
/* End PBXFileReference section */

/* Begin PBXGroup section */
		009AE0B6956192294EE6E9C3 /* Sync */ = {
			isa = PBXGroup;
			children = (
				A980BB847A9CA5813A391341 /* DraftSync.swift */,
				FF56C1D17673E9A46D280F6D /* Frames.swift */,
				5B03D2E682612B378434AF45 /* Store.swift */,
				24269094945450CF90BCAC33 /* SyncEngine.swift */,
				4324FDC43FE12F139725608A /* WebSocketTransport.swift */,
			);
			path = Sync;
			sourceTree = "<group>";
		};
		00AE4D72C9ABEBACDC023B81 /* Api */ = {
			isa = PBXGroup;
			children = (
				20149D2520CFB689B293AEB2 /* ApiClient.swift */,
				4BFA1430D19A954CF0F61BF9 /* ErrorMessages.swift */,
				5E2F59D2D7208CD22462EB0C /* JSON.swift */,
				A676948BB8E2458464753586 /* Models.swift */,
			);
			path = Api;
			sourceTree = "<group>";
		};
		13A2B3CCB81E377D6014568B /* Platform */ = {
			isa = PBXGroup;
			children = (
				C4ACA1B40FD905B20357FE4C /* AvatarCache.swift */,
				6E2CF95CE2CFABCEE59F14D6 /* Keychain.swift */,
				B7A02E6942A8D6B822643B15 /* PushCenter.swift */,
				39E9ADECBF5D923FAA0488AD /* SQLiteStore.swift */,
			);
			path = Platform;
			sourceTree = "<group>";
		};
		2393D3D31E57F51738C65B93 /* tests */ = {
			isa = PBXGroup;
			children = (
				D5EDF4064A701067C95149BF /* contract */,
			);
			path = tests;
			sourceTree = "<group>";
		};
		2726A13E90F14ECBF20319B0 /* Resources */ = {
			isa = PBXGroup;
			children = (
				6511D58639F80B71BAF90EC5 /* Assets.xcassets */,
			);
			path = Resources;
			sourceTree = "<group>";
		};
		281A86D9F01B78F75A5D270D /* ChikuwaChat */ = {
			isa = PBXGroup;
			children = (
				00AE4D72C9ABEBACDC023B81 /* Api */,
				746FC348230CABD2E5584727 /* App */,
				13A2B3CCB81E377D6014568B /* Platform */,
				2726A13E90F14ECBF20319B0 /* Resources */,
				009AE0B6956192294EE6E9C3 /* Sync */,
				85EFA806F94F76DDF816356E /* UI */,
			);
			path = ChikuwaChat;
			sourceTree = "<group>";
		};
		746FC348230CABD2E5584727 /* App */ = {
			isa = PBXGroup;
			children = (
				AD73867C215B4C74259890CB /* AppController.swift */,
				551D58741D5F426321F75F3F /* AppDelegate.swift */,
				E23B1562429E692C8A4A632F /* ChikuwaChatApp.swift */,
				5E67B45469B6C5625C8D9A6A /* Workspaces.swift */,
			);
			path = App;
			sourceTree = "<group>";
		};
		85964B35FF364CC28075330D /* ChikuwaChatTests */ = {
			isa = PBXGroup;
			children = (
				B04D62C7707EB64D28E1A801 /* ApiClientTests.swift */,
				5D7C4221F1AA22131FC80112 /* AvatarCropTests.swift */,
				84C41EAEB3980354A4AA86E1 /* BodyTokenizerTests.swift */,
				57361050F0BB2C12BDB8B78B /* BrowserSnapshotTests.swift */,
				888C8B5471FBCF6939976F42 /* ChannelLinksTests.swift */,
				9FA4770AB270A20E2EC6ED9D /* ChannelRulesTests.swift */,
				6D6ACD361FF6151716ED35A5 /* CommandsTests.swift */,
				098E3FEB32BEC69B8C2B68AF /* ComposerFormatTests.swift */,
				7E34E3CB601F52EA9350E096 /* ComposerSnapshotTests.swift */,
				91851A02B144D3F57EB66170 /* ContractTests.swift */,
				DB0A0535FF76A382E3A1CBBE /* CoverProbeTests.swift */,
				1E58245D5480A2E09DFF4DC8 /* CustomEmojiTests.swift */,
				BC121C06BFAA7AB89AC54106 /* DNDTests.swift */,
				AD8985AFAA19CE7A4EEF8F77 /* DraftsTests.swift */,
				86D5DFCD4849BD74C5BD21B4 /* DraftSyncTests.swift */,
				AEEE327A40F68B8450858B9E /* EmojiTests.swift */,
				048A41BC92EAD6644AFA7294 /* FakeServer.swift */,
				0FB071937EF97C9E53923BC8 /* InviteTests.swift */,
				22D11A729F3DC9A928D8517A /* IsoDatesTests.swift */,
				C329DDC26BD5759D01F4ADDF /* KeyboardBehaviorTests.swift */,
				41D8FE044BFBF564E1DC7816 /* LinksTests.swift */,
				13B6130C50876B86E11534F6 /* LiveBackendTests.swift */,
				57F79027247AC5F2ACC79DFE /* MentionsTests.swift */,
				5B4A789666614090C341ED42 /* MessageCodingTests.swift */,
				235F4C3E16ABCCEF1B647BFF /* MessageRowAccessibilityTests.swift */,
				2F1CDECCB37A118143D382F0 /* OlderPagingTests.swift */,
				6C0AE2256346242EC86282BF /* PermalinkTests.swift */,
				EC003D2126376F0BCBAEB48E /* PollTests.swift */,
				3C1DC4CF6739F3437F8FC0FC /* PushTests.swift */,
				E07A0F52A69CE44C46D2213A /* ReadAnchorTests.swift */,
				5295A8876F64E2619E181FDA /* ReadGateTests.swift */,
				021AEEA95E1D9DCF12F13504 /* RosterTests.swift */,
				97BFF9DC0CE44D27566746C7 /* ScheduleTests.swift */,
				B770F0D367C58D2D20912066 /* SearchHighlightTests.swift */,
				58E69EFE1A7FE36AF129AFCD /* SearchLogicTests.swift */,
				E07AA1D9EDE0DEABBA2BA87B /* SearchWorkspaceSnapshotTests.swift */,
				9FA240682AC06B184CE133E2 /* ShareTests.swift */,
				B8B608469889F53E3FF7E26C /* SyncEngineTests.swift */,
				B5F2726C9A1A5967B40BDC4A /* TemplatesTests.swift */,
				095DC9C14EA053C04A5D3DEA /* ThreadsSnapshotTests.swift */,
				1427088F8204B7D1A390857F /* TimelineTests.swift */,
				61625940E4B9AF742CAD4291 /* TotpTests.swift */,
				43373D2E141F21E4C78457CF /* UnreadBannerSnapshotTests.swift */,
				53CCFFE89EA1C7A2E59262F2 /* UnreadRangeTests.swift */,
				A0A51B81551C8578ACBBC035 /* UserScrollTests.swift */,
				898C6A9DAE763E84AC1644F1 /* WhoTests.swift */,
				5EB0EC6D3A44DDEB8FDB92A4 /* WorkspacesTests.swift */,
			);
			path = ChikuwaChatTests;
			sourceTree = "<group>";
		};
		85EFA806F94F76DDF816356E /* UI */ = {
			isa = PBXGroup;
			children = (
				B0331E3481EE3CCEC391E1E4 /* AttachmentsView.swift */,
				F1AA01730F6E993B9EFB406B /* AvatarCrop.swift */,
				490CD2ABE3C202D8366FF9CE /* AvatarView.swift */,
				E8311B119AAD428B9FFE2D33 /* CameraPicker.swift */,
				6DABA1B9B54042F38909BC6B /* ChangePasswordView.swift */,
				8DDC445F3DDA1CFB83264C1B /* ChannelBrowserView.swift */,
				040510582EF3182E66D21640 /* ChannelIntroView.swift */,
				1A98B6538AD4A468120DB91A /* ChannelLinks.swift */,
				9B7251E3E02E155A12489239 /* ChannelListView.swift */,
				E000C191299DE61BDC3CCF4F /* ChannelPreviewView.swift */,
				3F7662F23ED981268EBFB0F8 /* ChannelView.swift */,
				5A1F069A68D7455481B1FB4B /* Commands.swift */,
				191961E1D178CA371B035C04 /* ComposerFormat.swift */,
				9E7D2AF429061631950C7906 /* CustomEmoji.swift */,
				7787A42779309636F0D889A4 /* DirectoryView.swift */,
				0979C692C57AD564B5051EAC /* DND.swift */,
				25EC40A71175595521F5E564 /* DraftsView.swift */,
				342A0B1BCD9379AB86C4B521 /* Emoji.swift */,
				9762241E8CC66308A104F181 /* EmojiData.swift */,
				95FD7DBAAA32915EFEB8C458 /* EmojiPickerView.swift */,
				026967342CC9E58E372D3A44 /* FilesView.swift */,
				5396B11E764B50A589735215 /* ImageViewer.swift */,
				44AD78A04AB0A93B55D3FBD1 /* Invite.swift */,
				DD69D59780770BA776367B43 /* InviteView.swift */,
				3D8D44C8BF1DDCB4820DC752 /* KeyboardBehavior.swift */,
				EE53857316C0711ABC592BE3 /* LinkPreviewCard.swift */,
				B6F932BF9BB0A8A14CD47EF7 /* LoginView.swift */,
				523DFDB1261A9B828CA81605 /* MainView.swift */,
				8E494C7AA73C2DCB826BFF98 /* Mentions.swift */,
				1FCAE33D55025EFA146CADC2 /* MentionsView.swift */,
				4B42F0BDEFE3B98EEFF6C089 /* MessageActions.swift */,
				7C74AC169B95554B18E616A6 /* MessageBodyView.swift */,
				CC72EC7EE82888C41D902D52 /* NoticeToast.swift */,
				A8D41462A5457300887E01A5 /* PeopleList.swift */,
				C5B17C0044CEFA7773C29BDC /* Permalink.swift */,
				B5CFB01E67A972B78B96D8C2 /* PinsView.swift */,
				11ADABD71F51A91011248A1E /* PollCardView.swift */,
				9506961B0BB337D742C6CD06 /* PollFormView.swift */,
				7E6E2C35053163BBEF50E5E4 /* PriorityViews.swift */,
				62B9AE41DC03738ACC485851 /* ProfileSheet.swift */,
				E02FA6771A99098019D92F95 /* ReminderFormView.swift */,
				D5025810DA770D8747ACC610 /* RemindersView.swift */,
				411D0F28175679909161F694 /* RevisionsView.swift */,
				DD7B56434AC3E290743128FF /* Roster.swift */,
				9B4C8A95833707C7581F036D /* SavedView.swift */,
				0B404F9D56E0D4FC24A30F35 /* Schedule.swift */,
				CA98EE4F635D9C1BC5DA1661 /* Search.swift */,
				4E8952935F7E755BB8B341C5 /* SearchView.swift */,
				89AF06AAF4BDDFD30FB894ED /* SectionFormView.swift */,
				F4B2BB586E878AEEC2A31668 /* Share.swift */,
				DA8BC6184A0BE68459D89563 /* ShareMessageSheet.swift */,
				B6BACB32869D36BC76BFACD3 /* Sheets.swift */,
				B747AFDE44257CFE5ACB9705 /* Templates.swift */,
				6B46E6619531606984F31D78 /* ThreadsListView.swift */,
				6DA8EAE5A6ED788AD8AC1252 /* ThreadView.swift */,
				00D8D7E37A6EBA67685667F3 /* Timeline.swift */,
				9F8745FD65119CB04999AF56 /* Totp.swift */,
				684FAA7E106DDB3A241A57B4 /* TotpView.swift */,
				234BE2448E1022BD0D1D55EB /* TypingLine.swift */,
				F0676EB1F814109C85165B0B /* WorkspaceViews.swift */,
			);
			path = UI;
			sourceTree = "<group>";
		};
		940172AC3C8023DFF2521604 /* ChikuwaChat-claude */ = {
			isa = PBXGroup;
			children = (
				C5E238DF7D433581782F67B3 /* server */,
			);
			name = "ChikuwaChat-claude";
			path = ../..;
			sourceTree = "<group>";
		};
		9EBFF18BABA664437095FFC6 /* Products */ = {
			isa = PBXGroup;
			children = (
				C0419A9377EEC2EE76A9C4C8 /* ChikuwaChat.app */,
				CF9BD65FAC55856BE6E82043 /* ChikuwaChatTests.xctest */,
			);
			name = Products;
			sourceTree = "<group>";
		};
		C5E238DF7D433581782F67B3 /* server */ = {
			isa = PBXGroup;
			children = (
				2393D3D31E57F51738C65B93 /* tests */,
			);
			path = server;
			sourceTree = "<group>";
		};
		EF7AAD189524D9626BFB43BC = {
			isa = PBXGroup;
			children = (
				281A86D9F01B78F75A5D270D /* ChikuwaChat */,
				940172AC3C8023DFF2521604 /* ChikuwaChat-claude */,
				85964B35FF364CC28075330D /* ChikuwaChatTests */,
				9EBFF18BABA664437095FFC6 /* Products */,
			);
			sourceTree = "<group>";
		};
/* End PBXGroup section */

/* Begin PBXNativeTarget section */
		B442D86066CE8BBC0D268F8F /* ChikuwaChatTests */ = {
			isa = PBXNativeTarget;
			buildConfigurationList = 0AC6D817D8D43CE8F8E84E57 /* Build configuration list for PBXNativeTarget "ChikuwaChatTests" */;
			buildPhases = (
				061D7389F5F40396762BB139 /* Sources */,
				8D0EA038307BC362D9E02D29 /* Resources */,
			);
			buildRules = (
			);
			dependencies = (
				E38952548AA7A017E56F1511 /* PBXTargetDependency */,
			);
			name = ChikuwaChatTests;
			packageProductDependencies = (
			);
			productName = ChikuwaChatTests;
			productReference = CF9BD65FAC55856BE6E82043 /* ChikuwaChatTests.xctest */;
			productType = "com.apple.product-type.bundle.unit-test";
		};
		D3BCBDFCF8E43CBE7EF61917 /* ChikuwaChat */ = {
			isa = PBXNativeTarget;
			buildConfigurationList = 40761CA9CCDB088522CB91B0 /* Build configuration list for PBXNativeTarget "ChikuwaChat" */;
			buildPhases = (
				6D5D5433CF6D9EDCA0FBD7AD /* Sources */,
				3D6E350A166A8548732ABCF1 /* Resources */,
			);
			buildRules = (
			);
			dependencies = (
			);
			name = ChikuwaChat;
			packageProductDependencies = (
			);
			productName = ChikuwaChat;
			productReference = C0419A9377EEC2EE76A9C4C8 /* ChikuwaChat.app */;
			productType = "com.apple.product-type.application";
		};
/* End PBXNativeTarget section */

/* Begin PBXProject section */
		A8F363DCE70EC6B8FB238379 /* Project object */ = {
			isa = PBXProject;
			attributes = {
				BuildIndependentTargetsInParallel = YES;
				LastUpgradeCheck = 1430;
				TargetAttributes = {
					B442D86066CE8BBC0D268F8F = {
						DevelopmentTeam = 3WF4YQB4L6;
						ProvisioningStyle = Automatic;
					};
					D3BCBDFCF8E43CBE7EF61917 = {
						DevelopmentTeam = 3WF4YQB4L6;
						ProvisioningStyle = Automatic;
					};
				};
			};
			buildConfigurationList = 6EF8B7D9E98740C43CDCB4CE /* Build configuration list for PBXProject "ChikuwaChat" */;
			compatibilityVersion = "Xcode 14.0";
			developmentRegion = en;
			hasScannedForEncodings = 0;
			knownRegions = (
				Base,
				en,
			);
			mainGroup = EF7AAD189524D9626BFB43BC;
			minimizedProjectReferenceProxies = 1;
			preferredProjectObjectVersion = 77;
			projectDirPath = "";
			projectRoot = "";
			targets = (
				D3BCBDFCF8E43CBE7EF61917 /* ChikuwaChat */,
				B442D86066CE8BBC0D268F8F /* ChikuwaChatTests */,
			);
		};
/* End PBXProject section */

/* Begin PBXResourcesBuildPhase section */
		3D6E350A166A8548732ABCF1 /* Resources */ = {
			isa = PBXResourcesBuildPhase;
			buildActionMask = 2147483647;
			files = (
				2726ED0573B89D3354A20F52 /* Assets.xcassets in Resources */,
			);
			runOnlyForDeploymentPostprocessing = 0;
		};
		8D0EA038307BC362D9E02D29 /* Resources */ = {
			isa = PBXResourcesBuildPhase;
			buildActionMask = 2147483647;
			files = (
				817F08384C5E70498BA0AEF1 /* contract in Resources */,
			);
			runOnlyForDeploymentPostprocessing = 0;
		};
/* End PBXResourcesBuildPhase section */

/* Begin PBXSourcesBuildPhase section */
		061D7389F5F40396762BB139 /* Sources */ = {
			isa = PBXSourcesBuildPhase;
			buildActionMask = 2147483647;
			files = (
				94795BEA74A315E918DE49B2 /* ApiClientTests.swift in Sources */,
				63D511767DA278A39282C0C2 /* AvatarCropTests.swift in Sources */,
				CCDA600DF1E454593B370952 /* BodyTokenizerTests.swift in Sources */,
				FB26D88A3A28AF522C46FD3B /* BrowserSnapshotTests.swift in Sources */,
				26514DB9DB56AFE075EC6AA4 /* ChannelLinksTests.swift in Sources */,
				34C9B61D2DB29833F7AFF2AF /* ChannelRulesTests.swift in Sources */,
				8613449A516B8C7EA5D701A8 /* CommandsTests.swift in Sources */,
				8322E499EA0DBE1CA5A151E1 /* ComposerFormatTests.swift in Sources */,
				1573E0EAFD2600EF5EE55CDE /* ComposerSnapshotTests.swift in Sources */,
				F9AE534F5A1A2B3ED7311EC2 /* ContractTests.swift in Sources */,
				534CDBAC78E22E10C74356C0 /* CoverProbeTests.swift in Sources */,
				8921EC124C7C0861FC70408B /* CustomEmojiTests.swift in Sources */,
				33C334AFCDB06C0347861DED /* DNDTests.swift in Sources */,
				F6B0289DCC3A8F13206BE205 /* DraftSyncTests.swift in Sources */,
				D0B2472E5BD47A5F644307EF /* DraftsTests.swift in Sources */,
				C3D7A8E5ED5B565412D4A51A /* EmojiTests.swift in Sources */,
				870A22BBBA909116002B711D /* FakeServer.swift in Sources */,
				8BF7B083F5758F11D1414F33 /* InviteTests.swift in Sources */,
				0B30BA10FE1F85A93BEEE644 /* IsoDatesTests.swift in Sources */,
				4445EC17948BAF11C3A7DCF7 /* KeyboardBehaviorTests.swift in Sources */,
				DFB917EDBAFE20528E406E4C /* LinksTests.swift in Sources */,
				1A93D49379035A2E3F974C93 /* LiveBackendTests.swift in Sources */,
				73256CC2F95C92D250D34D1B /* MentionsTests.swift in Sources */,
				F1DF4502E645742E45499BC4 /* MessageCodingTests.swift in Sources */,
				401A7BAA18FCD2DC54E6F2D9 /* MessageRowAccessibilityTests.swift in Sources */,
				366C98EBC4A19B3450E5B7EE /* OlderPagingTests.swift in Sources */,
				D260C8E32D5C94D44912611D /* PermalinkTests.swift in Sources */,
				FEDDC0F643516E74169B0597 /* PollTests.swift in Sources */,
				7062DBC701415D5A49D00848 /* PushTests.swift in Sources */,
				96C9628A91945A999FBF1930 /* ReadAnchorTests.swift in Sources */,
				E68C8CCBC9A310A60EDFE3AC /* ReadGateTests.swift in Sources */,
				64F100B2D1B77CEDE89CF100 /* RosterTests.swift in Sources */,
				9FBA5F10614875FDAE440DCC /* ScheduleTests.swift in Sources */,
				1643D8D6E1C7BE4386F7EB1B /* SearchHighlightTests.swift in Sources */,
				D1360F215A5C4911ED74BB2F /* SearchLogicTests.swift in Sources */,
				E200EC6ED147DF3669158C04 /* SearchWorkspaceSnapshotTests.swift in Sources */,
				F98DDD6607EB0D904F1E37C4 /* ShareTests.swift in Sources */,
				BE0EEC433E91E58BC53EFB48 /* SyncEngineTests.swift in Sources */,
				18705BA325204C3824490358 /* TemplatesTests.swift in Sources */,
				0BF3079882ED5F8F73F73D6D /* ThreadsSnapshotTests.swift in Sources */,
				AB626CA2B33DEA99788CE811 /* TimelineTests.swift in Sources */,
				BDF7ED16F69E6499A10F480F /* TotpTests.swift in Sources */,
				21B7288F1CFA4D0BE7A342FD /* UnreadBannerSnapshotTests.swift in Sources */,
				FF91D7B337478DE41D4D5486 /* UnreadRangeTests.swift in Sources */,
				B4CD4CF8E05DA616E9EBA973 /* UserScrollTests.swift in Sources */,
				530944C23EA2DF5F405D1D04 /* WhoTests.swift in Sources */,
				A1719158034259BB3144A2D9 /* WorkspacesTests.swift in Sources */,
			);
			runOnlyForDeploymentPostprocessing = 0;
		};
		6D5D5433CF6D9EDCA0FBD7AD /* Sources */ = {
			isa = PBXSourcesBuildPhase;
			buildActionMask = 2147483647;
			files = (
				B229EA04E953D0194682727E /* ApiClient.swift in Sources */,
				4A6F0D7B6F124BAE39D7AA84 /* AppController.swift in Sources */,
				2E40AA56FDEDED6D38F856E7 /* AppDelegate.swift in Sources */,
				9E7035C4099857904103250B /* AttachmentsView.swift in Sources */,
				599ACEB5BF7FE2981FB95DEE /* AvatarCache.swift in Sources */,
				852F6EC26FBD2882E9D35828 /* AvatarCrop.swift in Sources */,
				138952D589A640641DD470D6 /* AvatarView.swift in Sources */,
				15295BD6F2E1B1010700B78D /* CameraPicker.swift in Sources */,
				8751CB0E1C8B0E9FD3B4698F /* ChangePasswordView.swift in Sources */,
				146F95B96F756A3F63D664AB /* ChannelBrowserView.swift in Sources */,
				B60B25516F421B2D785D44C4 /* ChannelIntroView.swift in Sources */,
				4A200550DAB5D48B6138873E /* ChannelLinks.swift in Sources */,
				BCEA516CDCFE4577A8CE97B7 /* ChannelListView.swift in Sources */,
				4FCBC813DBA604CC324CDD29 /* ChannelPreviewView.swift in Sources */,
				4CC82AFD90F0409F6821FE4B /* ChannelView.swift in Sources */,
				2C1CC04036F021F758936608 /* ChikuwaChatApp.swift in Sources */,
				DA913C2DF69793934EEF259E /* Commands.swift in Sources */,
				EDE53AD32D895962D18304A7 /* ComposerFormat.swift in Sources */,
				56C48C77F91642F79A806183 /* CustomEmoji.swift in Sources */,
				A03EA59917F14D6087656DE5 /* DND.swift in Sources */,
				BD01E7FD93BC7A0D72CA8F47 /* DirectoryView.swift in Sources */,
				08F3CC14499210725A24A0E5 /* DraftSync.swift in Sources */,
				96F9C758ED3FAB648F703260 /* DraftsView.swift in Sources */,
				F2230137BE87493D9D0FDC74 /* Emoji.swift in Sources */,
				DC2D572AB84C9472A95422CE /* EmojiData.swift in Sources */,
				5FECA8B2E9AF819525A1CAA1 /* EmojiPickerView.swift in Sources */,
				AD2480D35418CD3BCF831BA4 /* ErrorMessages.swift in Sources */,
				BF21ACAE32EB5D85A1485CB8 /* FilesView.swift in Sources */,
				01058071D83FDB3831C7411A /* Frames.swift in Sources */,
				581692ADE9D9F2BF23170BDE /* ImageViewer.swift in Sources */,
				500A85FC8BEF5289D246D082 /* Invite.swift in Sources */,
				6DC0827C57E10671F0A0B7E3 /* InviteView.swift in Sources */,
				23EC6CA8D0C736B5EED88D0F /* JSON.swift in Sources */,
				9A431502E494454B5949098C /* KeyboardBehavior.swift in Sources */,
				214B994514BE464424A29889 /* Keychain.swift in Sources */,
				CB580DDF4A008845D30F4F2F /* LinkPreviewCard.swift in Sources */,
				A08D418A6147AFDDCBB082B3 /* LoginView.swift in Sources */,
				48471B90AD80B12A76F8D9D1 /* MainView.swift in Sources */,
				48C7FDA6E58AED3E9E04985A /* Mentions.swift in Sources */,
				380C9F0E6DBCC708AE52A1F6 /* MentionsView.swift in Sources */,
				4516C9968AF6F1EEDAFBD299 /* MessageActions.swift in Sources */,
				ADCC3B2BF1EB386D4AFD1640 /* MessageBodyView.swift in Sources */,
				73929A42759EC180C603E753 /* Models.swift in Sources */,
				5C1990D579D1995D99A86ADD /* NoticeToast.swift in Sources */,
				2C1FC428F01A262CAFD3A2B5 /* PeopleList.swift in Sources */,
				028223C1DFF0E6A8C39B3726 /* Permalink.swift in Sources */,
				DD186BA276E115EA76964F24 /* PinsView.swift in Sources */,
				A99FA5C06C95385D0101DF52 /* PollCardView.swift in Sources */,
				3254F9BB576535AC2148731D /* PollFormView.swift in Sources */,
				31A71FBD946D4C44D10260B2 /* PriorityViews.swift in Sources */,
				6FC3F67CB482231A52586E10 /* ProfileSheet.swift in Sources */,
				6B2FA428DA0DFA1858ACA00C /* PushCenter.swift in Sources */,
				620EFBB51B929A54482C81CF /* ReminderFormView.swift in Sources */,
				E4DA52B9A5BEDC920C00F9D2 /* RemindersView.swift in Sources */,
				995E4F17B336663DCCF7D424 /* RevisionsView.swift in Sources */,
				4C1D216F9007A60F431172C1 /* Roster.swift in Sources */,
				A3F88C6675368E5954280D1E /* SQLiteStore.swift in Sources */,
				F620F4D16BD57ABD77ABECE3 /* SavedView.swift in Sources */,
				1C8D809901927C185631CCC1 /* Schedule.swift in Sources */,
				84C7F0EBE484CB4BB8577908 /* Search.swift in Sources */,
				8F6A01DF751DCCA4CB03E753 /* SearchView.swift in Sources */,
				118575FA56C717B3175B0528 /* SectionFormView.swift in Sources */,
				072F46A639D7FAE65117A223 /* Share.swift in Sources */,
				4F2C96CF6E06B8753F4011DD /* ShareMessageSheet.swift in Sources */,
				A891B9120FA22239813BEACD /* Sheets.swift in Sources */,
				4A9E21A99D56EE5C0FA4FC0D /* Store.swift in Sources */,
				CBD65280B7792F5C68583C5D /* SyncEngine.swift in Sources */,
				F3CEE1B5F37D4646C4F23442 /* Templates.swift in Sources */,
				90F6A6D17DBE28C9A8F6B9A9 /* ThreadView.swift in Sources */,
				63D7FD65CF59273241B845D0 /* ThreadsListView.swift in Sources */,
				68DC322374BBCC068F64774A /* Timeline.swift in Sources */,
				B1CDDE952F0B4087B861A27D /* Totp.swift in Sources */,
				4D1FD0A84466DAB53C3CC055 /* TotpView.swift in Sources */,
				BAC374BD1E76EA42F1E24852 /* TypingLine.swift in Sources */,
				A4237035856B7D0FB8927960 /* WebSocketTransport.swift in Sources */,
				F4589722D2A3D658DBB7DD74 /* WorkspaceViews.swift in Sources */,
				C16C2276BDBF94DB8C34BF8D /* Workspaces.swift in Sources */,
			);
			runOnlyForDeploymentPostprocessing = 0;
		};
/* End PBXSourcesBuildPhase section */

/* Begin PBXTargetDependency section */
		E38952548AA7A017E56F1511 /* PBXTargetDependency */ = {
			isa = PBXTargetDependency;
			target = D3BCBDFCF8E43CBE7EF61917 /* ChikuwaChat */;
			targetProxy = 332DE3ADC7FC72DC0EBD8C1E /* PBXContainerItemProxy */;
		};
/* End PBXTargetDependency section */

/* Begin XCBuildConfiguration section */
		1E162CCEA232740BF3E13873 /* Release */ = {
			isa = XCBuildConfiguration;
			buildSettings = {
				BUNDLE_LOADER = "$(TEST_HOST)";
				GENERATE_INFOPLIST_FILE = YES;
				LD_RUNPATH_SEARCH_PATHS = (
					"$(inherited)",
					"@executable_path/Frameworks",
					"@loader_path/Frameworks",
				);
				PRODUCT_BUNDLE_IDENTIFIER = jp.chikuwachat.ios.tests;
				SDKROOT = iphoneos;
				TARGETED_DEVICE_FAMILY = "1,2";
				TEST_HOST = "$(BUILT_PRODUCTS_DIR)/ChikuwaChat.app/ChikuwaChat";
			};
			name = Release;
		};
		9074DB2586258F19450B086C /* Debug */ = {
			isa = XCBuildConfiguration;
			buildSettings = {
				ASSETCATALOG_COMPILER_APPICON_NAME = AppIcon;
				CODE_SIGN_ENTITLEMENTS = ChikuwaChat/ChikuwaChat.entitlements;
				CODE_SIGN_IDENTITY = "iPhone Developer";
				INFOPLIST_FILE = ChikuwaChat/Info.plist;
				INFOPLIST_KEY_UIApplicationSupportsIndirectInputEvents = YES;
				LD_RUNPATH_SEARCH_PATHS = (
					"$(inherited)",
					"@executable_path/Frameworks",
				);
				PRODUCT_BUNDLE_IDENTIFIER = jp.chikuwachat.ios;
				SDKROOT = iphoneos;
				TARGETED_DEVICE_FAMILY = 1;
			};
			name = Debug;
		};
		A25C1DC7FA9034B282A9E69C /* Debug */ = {
			isa = XCBuildConfiguration;
			buildSettings = {
				ALWAYS_SEARCH_USER_PATHS = NO;
				CLANG_ANALYZER_NONNULL = YES;
				CLANG_ANALYZER_NUMBER_OBJECT_CONVERSION = YES_AGGRESSIVE;
				CLANG_CXX_LANGUAGE_STANDARD = "gnu++14";
				CLANG_CXX_LIBRARY = "libc++";
				CLANG_ENABLE_MODULES = YES;
				CLANG_ENABLE_OBJC_ARC = YES;
				CLANG_ENABLE_OBJC_WEAK = YES;
				CLANG_WARN_BLOCK_CAPTURE_AUTORELEASING = YES;
				CLANG_WARN_BOOL_CONVERSION = YES;
				CLANG_WARN_COMMA = YES;
				CLANG_WARN_CONSTANT_CONVERSION = YES;
				CLANG_WARN_DEPRECATED_OBJC_IMPLEMENTATIONS = YES;
				CLANG_WARN_DIRECT_OBJC_ISA_USAGE = YES_ERROR;
				CLANG_WARN_DOCUMENTATION_COMMENTS = YES;
				CLANG_WARN_EMPTY_BODY = YES;
				CLANG_WARN_ENUM_CONVERSION = YES;
				CLANG_WARN_INFINITE_RECURSION = YES;
				CLANG_WARN_INT_CONVERSION = YES;
				CLANG_WARN_NON_LITERAL_NULL_CONVERSION = YES;
				CLANG_WARN_OBJC_IMPLICIT_RETAIN_SELF = YES;
				CLANG_WARN_OBJC_LITERAL_CONVERSION = YES;
				CLANG_WARN_OBJC_ROOT_CLASS = YES_ERROR;
				CLANG_WARN_QUOTED_INCLUDE_IN_FRAMEWORK_HEADER = YES;
				CLANG_WARN_RANGE_LOOP_ANALYSIS = YES;
				CLANG_WARN_STRICT_PROTOTYPES = YES;
				CLANG_WARN_SUSPICIOUS_MOVE = YES;
				CLANG_WARN_UNGUARDED_AVAILABILITY = YES_AGGRESSIVE;
				CLANG_WARN_UNREACHABLE_CODE = YES;
				CLANG_WARN__DUPLICATE_METHOD_MATCH = YES;
				CODE_SIGN_STYLE = Automatic;
				COPY_PHASE_STRIP = NO;
				DEBUG_INFORMATION_FORMAT = dwarf;
				DEVELOPMENT_TEAM = 3WF4YQB4L6;
				ENABLE_STRICT_OBJC_MSGSEND = YES;
				ENABLE_TESTABILITY = YES;
				ENABLE_USER_SCRIPT_SANDBOXING = YES;
				GCC_C_LANGUAGE_STANDARD = gnu11;
				GCC_DYNAMIC_NO_PIC = NO;
				GCC_NO_COMMON_BLOCKS = YES;
				GCC_OPTIMIZATION_LEVEL = 0;
				GCC_PREPROCESSOR_DEFINITIONS = (
					"$(inherited)",
					"DEBUG=1",
				);
				GCC_WARN_64_TO_32_BIT_CONVERSION = YES;
				GCC_WARN_ABOUT_RETURN_TYPE = YES_ERROR;
				GCC_WARN_UNDECLARED_SELECTOR = YES;
				GCC_WARN_UNINITIALIZED_AUTOS = YES_AGGRESSIVE;
				GCC_WARN_UNUSED_FUNCTION = YES;
				GCC_WARN_UNUSED_VARIABLE = YES;
				IPHONEOS_DEPLOYMENT_TARGET = 17.0;
				MTL_ENABLE_DEBUG_INFO = INCLUDE_SOURCE;
				MTL_FAST_MATH = YES;
				ONLY_ACTIVE_ARCH = YES;
				PRODUCT_NAME = "$(TARGET_NAME)";
				SDKROOT = iphoneos;
				SWIFT_ACTIVE_COMPILATION_CONDITIONS = DEBUG;
				SWIFT_OPTIMIZATION_LEVEL = "-Onone";
				SWIFT_STRICT_CONCURRENCY = minimal;
				SWIFT_VERSION = 5.0;
				TARGETED_DEVICE_FAMILY = 1;
			};
			name = Debug;
		};
		A4ED01CF71229E228390248F /* Release */ = {
			isa = XCBuildConfiguration;
			buildSettings = {
				ALWAYS_SEARCH_USER_PATHS = NO;
				CLANG_ANALYZER_NONNULL = YES;
				CLANG_ANALYZER_NUMBER_OBJECT_CONVERSION = YES_AGGRESSIVE;
				CLANG_CXX_LANGUAGE_STANDARD = "gnu++14";
				CLANG_CXX_LIBRARY = "libc++";
				CLANG_ENABLE_MODULES = YES;
				CLANG_ENABLE_OBJC_ARC = YES;
				CLANG_ENABLE_OBJC_WEAK = YES;
				CLANG_WARN_BLOCK_CAPTURE_AUTORELEASING = YES;
				CLANG_WARN_BOOL_CONVERSION = YES;
				CLANG_WARN_COMMA = YES;
				CLANG_WARN_CONSTANT_CONVERSION = YES;
				CLANG_WARN_DEPRECATED_OBJC_IMPLEMENTATIONS = YES;
				CLANG_WARN_DIRECT_OBJC_ISA_USAGE = YES_ERROR;
				CLANG_WARN_DOCUMENTATION_COMMENTS = YES;
				CLANG_WARN_EMPTY_BODY = YES;
				CLANG_WARN_ENUM_CONVERSION = YES;
				CLANG_WARN_INFINITE_RECURSION = YES;
				CLANG_WARN_INT_CONVERSION = YES;
				CLANG_WARN_NON_LITERAL_NULL_CONVERSION = YES;
				CLANG_WARN_OBJC_IMPLICIT_RETAIN_SELF = YES;
				CLANG_WARN_OBJC_LITERAL_CONVERSION = YES;
				CLANG_WARN_OBJC_ROOT_CLASS = YES_ERROR;
				CLANG_WARN_QUOTED_INCLUDE_IN_FRAMEWORK_HEADER = YES;
				CLANG_WARN_RANGE_LOOP_ANALYSIS = YES;
				CLANG_WARN_STRICT_PROTOTYPES = YES;
				CLANG_WARN_SUSPICIOUS_MOVE = YES;
				CLANG_WARN_UNGUARDED_AVAILABILITY = YES_AGGRESSIVE;
				CLANG_WARN_UNREACHABLE_CODE = YES;
				CLANG_WARN__DUPLICATE_METHOD_MATCH = YES;
				CODE_SIGN_STYLE = Automatic;
				COPY_PHASE_STRIP = NO;
				DEBUG_INFORMATION_FORMAT = "dwarf-with-dsym";
				DEVELOPMENT_TEAM = 3WF4YQB4L6;
				ENABLE_NS_ASSERTIONS = NO;
				ENABLE_STRICT_OBJC_MSGSEND = YES;
				ENABLE_USER_SCRIPT_SANDBOXING = YES;
				GCC_C_LANGUAGE_STANDARD = gnu11;
				GCC_NO_COMMON_BLOCKS = YES;
				GCC_WARN_64_TO_32_BIT_CONVERSION = YES;
				GCC_WARN_ABOUT_RETURN_TYPE = YES_ERROR;
				GCC_WARN_UNDECLARED_SELECTOR = YES;
				GCC_WARN_UNINITIALIZED_AUTOS = YES_AGGRESSIVE;
				GCC_WARN_UNUSED_FUNCTION = YES;
				GCC_WARN_UNUSED_VARIABLE = YES;
				IPHONEOS_DEPLOYMENT_TARGET = 17.0;
				MTL_ENABLE_DEBUG_INFO = NO;
				MTL_FAST_MATH = YES;
				PRODUCT_NAME = "$(TARGET_NAME)";
				SDKROOT = iphoneos;
				SWIFT_COMPILATION_MODE = wholemodule;
				SWIFT_OPTIMIZATION_LEVEL = "-O";
				SWIFT_STRICT_CONCURRENCY = minimal;
				SWIFT_VERSION = 5.0;
				TARGETED_DEVICE_FAMILY = 1;
			};
			name = Release;
		};
		A966F4395B6B300E9387C5A9 /* Release */ = {
			isa = XCBuildConfiguration;
			buildSettings = {
				ASSETCATALOG_COMPILER_APPICON_NAME = AppIcon;
				CODE_SIGN_ENTITLEMENTS = ChikuwaChat/ChikuwaChat.entitlements;
				CODE_SIGN_IDENTITY = "iPhone Developer";
				INFOPLIST_FILE = ChikuwaChat/Info.plist;
				INFOPLIST_KEY_UIApplicationSupportsIndirectInputEvents = YES;
				LD_RUNPATH_SEARCH_PATHS = (
					"$(inherited)",
					"@executable_path/Frameworks",
				);
				PRODUCT_BUNDLE_IDENTIFIER = jp.chikuwachat.ios;
				SDKROOT = iphoneos;
				TARGETED_DEVICE_FAMILY = 1;
			};
			name = Release;
		};
		D367514152767A0266DA033A /* Debug */ = {
			isa = XCBuildConfiguration;
			buildSettings = {
				BUNDLE_LOADER = "$(TEST_HOST)";
				GENERATE_INFOPLIST_FILE = YES;
				LD_RUNPATH_SEARCH_PATHS = (
					"$(inherited)",
					"@executable_path/Frameworks",
					"@loader_path/Frameworks",
				);
				PRODUCT_BUNDLE_IDENTIFIER = jp.chikuwachat.ios.tests;
				SDKROOT = iphoneos;
				TARGETED_DEVICE_FAMILY = "1,2";
				TEST_HOST = "$(BUILT_PRODUCTS_DIR)/ChikuwaChat.app/ChikuwaChat";
			};
			name = Debug;
		};
/* End XCBuildConfiguration section */

/* Begin XCConfigurationList section */
		0AC6D817D8D43CE8F8E84E57 /* Build configuration list for PBXNativeTarget "ChikuwaChatTests" */ = {
			isa = XCConfigurationList;
			buildConfigurations = (
				D367514152767A0266DA033A /* Debug */,
				1E162CCEA232740BF3E13873 /* Release */,
			);
			defaultConfigurationIsVisible = 0;
			defaultConfigurationName = Debug;
		};
		40761CA9CCDB088522CB91B0 /* Build configuration list for PBXNativeTarget "ChikuwaChat" */ = {
			isa = XCConfigurationList;
			buildConfigurations = (
				9074DB2586258F19450B086C /* Debug */,
				A966F4395B6B300E9387C5A9 /* Release */,
			);
			defaultConfigurationIsVisible = 0;
			defaultConfigurationName = Debug;
		};
		6EF8B7D9E98740C43CDCB4CE /* Build configuration list for PBXProject "ChikuwaChat" */ = {
			isa = XCConfigurationList;
			buildConfigurations = (
				A25C1DC7FA9034B282A9E69C /* Debug */,
				A4ED01CF71229E228390248F /* Release */,
			);
			defaultConfigurationIsVisible = 0;
			defaultConfigurationName = Debug;
		};
/* End XCConfigurationList section */
	};
	rootObject = A8F363DCE70EC6B8FB238379 /* Project object */;
}
